// !$*UTF8*$!
{
	archiveVersion = 1;
	classes = {
	};
	objectVersion = 51;
	objects = {

/* Begin PBXBuildFile section */
		0745502D0ED2EC1B36D673A5 /* Pods_GitHubUsersSearch.framework in Frameworks */ = {isa = PBXBuildFile; fileRef = BF54BD6DC09FB2F0ED98CB47 /* Pods_GitHubUsersSearch.framework */; };
		5A7D8E8D53E67384C9C12EFC /* Pods_GitHubUsersSearchTests.framework in Frameworks */ = {isa = PBXBuildFile; fileRef = AF354BBFB9BB917649FF2BA9 /* Pods_GitHubUsersSearchTests.framework */; };
		89478B426882E2726F68C45E /* Pods_GitHubUsersSearch_GitHubUsersSearchUITests.framework in Frameworks */ = {isa = PBXBuildFile; fileRef = 2150DFF64BF69ADABDC17F14 /* Pods_GitHubUsersSearch_GitHubUsersSearchUITests.framework */; };
		D8097639244FFA1600397F31 /* AppDelegate.swift in Sources */ = {isa = PBXBuildFile; fileRef = D8097638244FFA1600397F31 /* AppDelegate.swift */; };
		D809763B244FFA1600397F31 /* SceneDelegate.swift in Sources */ = {isa = PBXBuildFile; fileRef = D809763A244FFA1600397F31 /* SceneDelegate.swift */; };
		D809763D244FFA1600397F31 /* ViewController.swift in Sources */ = {isa = PBXBuildFile; fileRef = D809763C244FFA1600397F31 /* ViewController.swift */; };
		D8097640244FFA1600397F31 /* Main.storyboard in Resources */ = {isa = PBXBuildFile; fileRef = D809763E244FFA1600397F31 /* Main.storyboard */; };
		D8097642244FFA1900397F31 /* Assets.xcassets in Resources */ = {isa = PBXBuildFile; fileRef = D8097641244FFA1900397F31 /* Assets.xcassets */; };
		D8097645244FFA1900397F31 /* LaunchScreen.storyboard in Resources */ = {isa = PBXBuildFile; fileRef = D8097643244FFA1900397F31 /* LaunchScreen.storyboard */; };
		D8097650244FFA1900397F31 /* GitHubUsersSearchTests.swift in Sources */ = {isa = PBXBuildFile; fileRef = D809764F244FFA1900397F31 /* GitHubUsersSearchTests.swift */; };
		D809765B244FFA1900397F31 /* GitHubUsersSearchUITests.swift in Sources */ = {isa = PBXBuildFile; fileRef = D809765A244FFA1900397F31 /* GitHubUsersSearchUITests.swift */; };
		D809766F244FFBEF00397F31 /* UsersSearchTableViewCell.swift in Sources */ = {isa = PBXBuildFile; fileRef = D809766D244FFBEF00397F31 /* UsersSearchTableViewCell.swift */; };
		D8097670244FFBEF00397F31 /* UsersSearchTableViewCell.xib in Resources */ = {isa = PBXBuildFile; fileRef = D809766E244FFBEF00397F31 /* UsersSearchTableViewCell.xib */; };
		D8097673245009CE00397F31 /* UsersSearchDetailTableViewCell.swift in Sources */ = {isa = PBXBuildFile; fileRef = D8097671245009CE00397F31 /* UsersSearchDetailTableViewCell.swift */; };
		D8097674245009CE00397F31 /* UsersSearchDetailTableViewCell.xib in Resources */ = {isa = PBXBuildFile; fileRef = D8097672245009CE00397F31 /* UsersSearchDetailTableViewCell.xib */; };
		D8097677245010E000397F31 /* SecondViewController.swift in Sources */ = {isa = PBXBuildFile; fileRef = D8097676245010E000397F31 /* SecondViewController.swift */; };
		D809767A245012FA00397F31 /* NetworkService.swift in Sources */ = {isa = PBXBuildFile; fileRef = D8097679245012FA00397F31 /* NetworkService.swift */; };
		D809767C2450237400397F31 /* NetworkRequest.swift in Sources */ = {isa = PBXBuildFile; fileRef = D809767B2450237400397F31 /* NetworkRequest.swift */; };
		D80976822450DB7D00397F31 /* UsersData.swift in Sources */ = {isa = PBXBuildFile; fileRef = D80976812450DB7D00397F31 /* UsersData.swift */; };
		D80976842450E43400397F31 /* AsyncImageView.swift in Sources */ = {isa = PBXBuildFile; fileRef = D80976832450E43400397F31 /* AsyncImageView.swift */; };
		D80976862451192C00397F31 /* UsersRepoData.swift in Sources */ = {isa = PBXBuildFile; fileRef = D80976852451192C00397F31 /* UsersRepoData.swift */; };
		D80976882451512D00397F31 /* UserInfoData.swift in Sources */ = {isa = PBXBuildFile; fileRef = D80976872451512D00397F31 /* UserInfoData.swift */; };
		D809768A2451F98400397F31 /* SearchUsersData.swift in Sources */ = {isa = PBXBuildFile; fileRef = D80976892451F98400397F31 /* SearchUsersData.swift */; };
/* End PBXBuildFile section */

/* Begin PBXContainerItemProxy section */
		D809764C244FFA1900397F31 /* PBXContainerItemProxy */ = {
			isa = PBXContainerItemProxy;
			containerPortal = D809762D244FFA1600397F31 /* Project object */;
			proxyType = 1;
			remoteGlobalIDString = D8097634244FFA1600397F31;
			remoteInfo = GitHubUsersSearch;
		};
		D8097657244FFA1900397F31 /* PBXContainerItemProxy */ = {
			isa = PBXContainerItemProxy;
			containerPortal = D809762D244FFA1600397F31 /* Project object */;
			proxyType = 1;
			remoteGlobalIDString = D8097634244FFA1600397F31;
			remoteInfo = GitHubUsersSearch;
		};
/* End PBXContainerItemProxy section */

/* Begin PBXFileReference section */
		2150DFF64BF69ADABDC17F14 /* Pods_GitHubUsersSearch_GitHubUsersSearchUITests.framework */ = {isa = PBXFileReference; explicitFileType = wrapper.framework; includeInIndex = 0; path = Pods_GitHubUsersSearch_GitHubUsersSearchUITests.framework; sourceTree = BUILT_PRODUCTS_DIR; };
		253E20429EC1CC924B83E487 /* Pods-GitHubUsersSearch.debug.xcconfig */ = {isa = PBXFileReference; includeInIndex = 1; lastKnownFileType = text.xcconfig; name = "Pods-GitHubUsersSearch.debug.xcconfig"; path = "Target Support Files/Pods-GitHubUsersSearch/Pods-GitHubUsersSearch.debug.xcconfig"; sourceTree = "<group>"; };
		33177C21D39114D18FD37502 /* Pods-GitHubUsersSearchTests.debug.xcconfig */ = {isa = PBXFileReference; includeInIndex = 1; lastKnownFileType = text.xcconfig; name = "Pods-GitHubUsersSearchTests.debug.xcconfig"; path = "Target Support Files/Pods-GitHubUsersSearchTests/Pods-GitHubUsersSearchTests.debug.xcconfig"; sourceTree = "<group>"; };
		469FE37EC4DC1B3904118C1A /* Pods-GitHubUsersSearch.release.xcconfig */ = {isa = PBXFileReference; includeInIndex = 1; lastKnownFileType = text.xcconfig; name = "Pods-GitHubUsersSearch.release.xcconfig"; path = "Target Support Files/Pods-GitHubUsersSearch/Pods-GitHubUsersSearch.release.xcconfig"; sourceTree = "<group>"; };
		6F08E752FCEA1DF47E3FFA5E /* Pods-GitHubUsersSearchTests.release.xcconfig */ = {isa = PBXFileReference; includeInIndex = 1; lastKnownFileType = text.xcconfig; name = "Pods-GitHubUsersSearchTests.release.xcconfig"; path = "Target Support Files/Pods-GitHubUsersSearchTests/Pods-GitHubUsersSearchTests.release.xcconfig"; sourceTree = "<group>"; };
		9B1B8ABA8A3F072961E0E06F /* Pods-GitHubUsersSearch-GitHubUsersSearchUITests.release.xcconfig */ = {isa = PBXFileReference; includeInIndex = 1; lastKnownFileType = text.xcconfig; name = "Pods-GitHubUsersSearch-GitHubUsersSearchUITests.release.xcconfig"; path = "Target Support Files/Pods-GitHubUsersSearch-GitHubUsersSearchUITests/Pods-GitHubUsersSearch-GitHubUsersSearchUITests.release.xcconfig"; sourceTree = "<group>"; };
		AF354BBFB9BB917649FF2BA9 /* Pods_GitHubUsersSearchTests.framework */ = {isa = PBXFileReference; explicitFileType = wrapper.framework; includeInIndex = 0; path = Pods_GitHubUsersSearchTests.framework; sourceTree = BUILT_PRODUCTS_DIR; };
		BF54BD6DC09FB2F0ED98CB47 /* Pods_GitHubUsersSearch.framework */ = {isa = PBXFileReference; explicitFileType = wrapper.framework; includeInIndex = 0; path = Pods_GitHubUsersSearch.framework; sourceTree = BUILT_PRODUCTS_DIR; };
		D6A41E69A65D98E7FD56FF8A /* Pods-GitHubUsersSearch-GitHubUsersSearchUITests.debug.xcconfig */ = {isa = PBXFileReference; includeInIndex = 1; lastKnownFileType = text.xcconfig; name = "Pods-GitHubUsersSearch-GitHubUsersSearchUITests.debug.xcconfig"; path = "Target Support Files/Pods-GitHubUsersSearch-GitHubUsersSearchUITests/Pods-GitHubUsersSearch-GitHubUsersSearchUITests.debug.xcconfig"; sourceTree = "<group>"; };
		D8097635244FFA1600397F31 /* GitHubUsersSearch.app */ = {isa = PBXFileReference; explicitFileType = wrapper.application; includeInIndex = 0; path = GitHubUsersSearch.app; sourceTree = BUILT_PRODUCTS_DIR; };
		D8097638244FFA1600397F31 /* AppDelegate.swift */ = {isa = PBXFileReference; lastKnownFileType = sourcecode.swift; path = AppDelegate.swift; sourceTree = "<group>"; };
		D809763A244FFA1600397F31 /* SceneDelegate.swift */ = {isa = PBXFileReference; lastKnownFileType = sourcecode.swift; path = SceneDelegate.swift; sourceTree = "<group>"; };
		D809763C244FFA1600397F31 /* ViewController.swift */ = {isa = PBXFileReference; lastKnownFileType = sourcecode.swift; path = ViewController.swift; sourceTree = "<group>"; };
		D809763F244FFA1600397F31 /* Base */ = {isa = PBXFileReference; lastKnownFileType = file.storyboard; name = Base; path = Base.lproj/Main.storyboard; sourceTree = "<group>"; };
		D8097641244FFA1900397F31 /* Assets.xcassets */ = {isa = PBXFileReference; lastKnownFileType = folder.assetcatalog; path = Assets.xcassets; sourceTree = "<group>"; };
		D8097644244FFA1900397F31 /* Base */ = {isa = PBXFileReference; lastKnownFileType = file.storyboard; name = Base; path = Base.lproj/LaunchScreen.storyboard; sourceTree = "<group>"; };
		D8097646244FFA1900397F31 /* Info.plist */ = {isa = PBXFileReference; lastKnownFileType = text.plist.xml; path = Info.plist; sourceTree = "<group>"; };
		D809764B244FFA1900397F31 /* GitHubUsersSearchTests.xctest */ = {isa = PBXFileReference; explicitFileType = wrapper.cfbundle; includeInIndex = 0; path = GitHubUsersSearchTests.xctest; sourceTree = BUILT_PRODUCTS_DIR; };
		D809764F244FFA1900397F31 /* GitHubUsersSearchTests.swift */ = {isa = PBXFileReference; lastKnownFileType = sourcecode.swift; path = GitHubUsersSearchTests.swift; sourceTree = "<group>"; };
		D8097651244FFA1900397F31 /* Info.plist */ = {isa = PBXFileReference; lastKnownFileType = text.plist.xml; path = Info.plist; sourceTree = "<group>"; };
		D8097656244FFA1900397F31 /* GitHubUsersSearchUITests.xctest */ = {isa = PBXFileReference; explicitFileType = wrapper.cfbundle; includeInIndex = 0; path = GitHubUsersSearchUITests.xctest; sourceTree = BUILT_PRODUCTS_DIR; };
		D809765A244FFA1900397F31 /* GitHubUsersSearchUITests.swift */ = {isa = PBXFileReference; lastKnownFileType = sourcecode.swift; path = GitHubUsersSearchUITests.swift; sourceTree = "<group>"; };
		D809765C244FFA1900397F31 /* Info.plist */ = {isa = PBXFileReference; lastKnownFileType = text.plist.xml; path = Info.plist; sourceTree = "<group>"; };
		D809766D244FFBEF00397F31 /* UsersSearchTableViewCell.swift */ = {isa = PBXFileReference; lastKnownFileType = sourcecode.swift; path = UsersSearchTableViewCell.swift; sourceTree = "<group>"; };
		D809766E244FFBEF00397F31 /* UsersSearchTableViewCell.xib */ = {isa = PBXFileReference; lastKnownFileType = file.xib; path = UsersSearchTableViewCell.xib; sourceTree = "<group>"; };
		D8097671245009CE00397F31 /* UsersSearchDetailTableViewCell.swift */ = {isa = PBXFileReference; lastKnownFileType = sourcecode.swift; path = UsersSearchDetailTableViewCell.swift; sourceTree = "<group>"; };
		D8097672245009CE00397F31 /* UsersSearchDetailTableViewCell.xib */ = {isa = PBXFileReference; lastKnownFileType = file.xib; path = UsersSearchDetailTableViewCell.xib; sourceTree = "<group>"; };
		D8097676245010E000397F31 /* SecondViewController.swift */ = {isa = PBXFileReference; lastKnownFileType = sourcecode.swift; path = SecondViewController.swift; sourceTree = "<group>"; };
		D8097679245012FA00397F31 /* NetworkService.swift */ = {isa = PBXFileReference; lastKnownFileType = sourcecode.swift; path = NetworkService.swift; sourceTree = "<group>"; };
		D809767B2450237400397F31 /* NetworkRequest.swift */ = {isa = PBXFileReference; lastKnownFileType = sourcecode.swift; path = NetworkRequest.swift; sourceTree = "<group>"; };
		D80976812450DB7D00397F31 /* UsersData.swift */ = {isa = PBXFileReference; lastKnownFileType = sourcecode.swift; path = UsersData.swift; sourceTree = "<group>"; };
		D80976832450E43400397F31 /* AsyncImageView.swift */ = {isa = PBXFileReference; fileEncoding = 4; lastKnownFileType = sourcecode.swift; path = AsyncImageView.swift; sourceTree = "<group>"; };
		D80976852451192C00397F31 /* UsersRepoData.swift */ = {isa = PBXFileReference; lastKnownFileType = sourcecode.swift; path = UsersRepoData.swift; sourceTree = "<group>"; };
		D80976872451512D00397F31 /* UserInfoData.swift */ = {isa = PBXFileReference; lastKnownFileType = sourcecode.swift; path = UserInfoData.swift; sourceTree = "<group>"; };
		D80976892451F98400397F31 /* SearchUsersData.swift */ = {isa = PBXFileReference; lastKnownFileType = sourcecode.swift; path = SearchUsersData.swift; sourceTree = "<group>"; };
/* End PBXFileReference section */

/* Begin PBXFrameworksBuildPhase section */
		D8097632244FFA1600397F31 /* Frameworks */ = {
			isa = PBXFrameworksBuildPhase;
			buildActionMask = 2147483647;
			files = (
				0745502D0ED2EC1B36D673A5 /* Pods_GitHubUsersSearch.framework in Frameworks */,
			);
			runOnlyForDeploymentPostprocessing = 0;
		};
		D8097648244FFA1900397F31 /* Frameworks */ = {
			isa = PBXFrameworksBuildPhase;
			buildActionMask = 2147483647;
			files = (
				5A7D8E8D53E67384C9C12EFC /* Pods_GitHubUsersSearchTests.framework in Frameworks */,
			);
			runOnlyForDeploymentPostprocessing = 0;
		};
		D8097653244FFA1900397F31 /* Frameworks */ = {
			isa = PBXFrameworksBuildPhase;
			buildActionMask = 2147483647;
			files = (
				89478B426882E2726F68C45E /* Pods_GitHubUsersSearch_GitHubUsersSearchUITests.framework in Frameworks */,
			);
			runOnlyForDeploymentPostprocessing = 0;
		};
/* End PBXFrameworksBuildPhase section */

/* Begin PBXGroup section */
		24BFFC484D4AD69AA41C92AC /* Frameworks */ = {
			isa = PBXGroup;
			children = (
				BF54BD6DC09FB2F0ED98CB47 /* Pods_GitHubUsersSearch.framework */,
				2150DFF64BF69ADABDC17F14 /* Pods_GitHubUsersSearch_GitHubUsersSearchUITests.framework */,
				AF354BBFB9BB917649FF2BA9 /* Pods_GitHubUsersSearchTests.framework */,
			);
			name = Frameworks;
			sourceTree = "<group>";
		};
		45738202A7EE097BC8AFFAC7 /* Pods */ = {
			isa = PBXGroup;
			children = (
				253E20429EC1CC924B83E487 /* Pods-GitHubUsersSearch.debug.xcconfig */,
				469FE37EC4DC1B3904118C1A /* Pods-GitHubUsersSearch.release.xcconfig */,
				D6A41E69A65D98E7FD56FF8A /* Pods-GitHubUsersSearch-GitHubUsersSearchUITests.debug.xcconfig */,
				9B1B8ABA8A3F072961E0E06F /* Pods-GitHubUsersSearch-GitHubUsersSearchUITests.release.xcconfig */,
				33177C21D39114D18FD37502 /* Pods-GitHubUsersSearchTests.debug.xcconfig */,
				6F08E752FCEA1DF47E3FFA5E /* Pods-GitHubUsersSearchTests.release.xcconfig */,
			);
			path = Pods;
			sourceTree = "<group>";
		};
		D809762C244FFA1600397F31 = {
			isa = PBXGroup;
			children = (
				D80976832450E43400397F31 /* AsyncImageView.swift */,
				D8097668244FFAE600397F31 /* Views */,
				D8097678245012BE00397F31 /* NetworkService */,
				D8097637244FFA1600397F31 /* GitHubUsersSearch */,
				D809764E244FFA1900397F31 /* GitHubUsersSearchTests */,
				D8097659244FFA1900397F31 /* GitHubUsersSearchUITests */,
				D8097636244FFA1600397F31 /* Products */,
				45738202A7EE097BC8AFFAC7 /* Pods */,
				24BFFC484D4AD69AA41C92AC /* Frameworks */,
			);
			sourceTree = "<group>";
		};
		D8097636244FFA1600397F31 /* Products */ = {
			isa = PBXGroup;
			children = (
				D8097635244FFA1600397F31 /* GitHubUsersSearch.app */,
				D809764B244FFA1900397F31 /* GitHubUsersSearchTests.xctest */,
				D8097656244FFA1900397F31 /* GitHubUsersSearchUITests.xctest */,
			);
			name = Products;
			sourceTree = "<group>";
		};
		D8097637244FFA1600397F31 /* GitHubUsersSearch */ = {
			isa = PBXGroup;
			children = (
				D8097638244FFA1600397F31 /* AppDelegate.swift */,
				D809763A244FFA1600397F31 /* SceneDelegate.swift */,
				D809763C244FFA1600397F31 /* ViewController.swift */,
				D8097676245010E000397F31 /* SecondViewController.swift */,
				D809763E244FFA1600397F31 /* Main.storyboard */,
				D8097641244FFA1900397F31 /* Assets.xcassets */,
				D8097643244FFA1900397F31 /* LaunchScreen.storyboard */,
				D8097646244FFA1900397F31 /* Info.plist */,
			);
			path = GitHubUsersSearch;
			sourceTree = "<group>";
		};
		D809764E244FFA1900397F31 /* GitHubUsersSearchTests */ = {
			isa = PBXGroup;
			children = (
				D809764F244FFA1900397F31 /* GitHubUsersSearchTests.swift */,
				D8097651244FFA1900397F31 /* Info.plist */,
			);
			path = GitHubUsersSearchTests;
			sourceTree = "<group>";
		};
		D8097659244FFA1900397F31 /* GitHubUsersSearchUITests */ = {
			isa = PBXGroup;
			children = (
				D809765A244FFA1900397F31 /* GitHubUsersSearchUITests.swift */,
				D809765C244FFA1900397F31 /* Info.plist */,
			);
			path = GitHubUsersSearchUITests;
			sourceTree = "<group>";
		};
		D8097668244FFAE600397F31 /* Views */ = {
			isa = PBXGroup;
			children = (
				D809766D244FFBEF00397F31 /* UsersSearchTableViewCell.swift */,
				D809766E244FFBEF00397F31 /* UsersSearchTableViewCell.xib */,
				D8097671245009CE00397F31 /* UsersSearchDetailTableViewCell.swift */,
				D8097672245009CE00397F31 /* UsersSearchDetailTableViewCell.xib */,
			);
			path = Views;
			sourceTree = "<group>";
		};
		D8097678245012BE00397F31 /* NetworkService */ = {
			isa = PBXGroup;
			children = (
				D8097679245012FA00397F31 /* NetworkService.swift */,
				D809767B2450237400397F31 /* NetworkRequest.swift */,
				D809767F2450DB6100397F31 /* Models */,
			);
			path = NetworkService;
			sourceTree = "<group>";
		};
		D809767F2450DB6100397F31 /* Models */ = {
			isa = PBXGroup;
			children = (
				D80976802450DB6900397F31 /* New Group */,
			);
			path = Models;
			sourceTree = "<group>";
		};
		D80976802450DB6900397F31 /* New Group */ = {
			isa = PBXGroup;
			children = (
				D80976812450DB7D00397F31 /* UsersData.swift */,
				D80976852451192C00397F31 /* UsersRepoData.swift */,
				D80976872451512D00397F31 /* UserInfoData.swift */,
				D80976892451F98400397F31 /* SearchUsersData.swift */,
			);
			path = "New Group";
			sourceTree = "<group>";
		};
/* End PBXGroup section */

/* Begin PBXNativeTarget section */
		D8097634244FFA1600397F31 /* GitHubUsersSearch */ = {
			isa = PBXNativeTarget;
			buildConfigurationList = D809765F244FFA1900397F31 /* Build configuration list for PBXNativeTarget "GitHubUsersSearch" */;
			buildPhases = (
				8B38CF6B914DD90F7D2E681A /* [CP] Check Pods Manifest.lock */,
				D8097631244FFA1600397F31 /* Sources */,
				D8097632244FFA1600397F31 /* Frameworks */,
				D8097633244FFA1600397F31 /* Resources */,
				6A3CA2C353DF4681F8638B0F /* [CP] Embed Pods Frameworks */,
			);
			buildRules = (
			);
			dependencies = (
			);
			name = GitHubUsersSearch;
			productName = GitHubUsersSearch;
			productReference = D8097635244FFA1600397F31 /* GitHubUsersSearch.app */;
			productType = "com.apple.product-type.application";
		};
		D809764A244FFA1900397F31 /* GitHubUsersSearchTests */ = {
			isa = PBXNativeTarget;
			buildConfigurationList = D8097662244FFA1900397F31 /* Build configuration list for PBXNativeTarget "GitHubUsersSearchTests" */;
			buildPhases = (
				B64D170134629C31C0FEB9E0 /* [CP] Check Pods Manifest.lock */,
				D8097647244FFA1900397F31 /* Sources */,
				D8097648244FFA1900397F31 /* Frameworks */,
				D8097649244FFA1900397F31 /* Resources */,
			);
			buildRules = (
			);
			dependencies = (
				D809764D244FFA1900397F31 /* PBXTargetDependency */,
			);
			name = GitHubUsersSearchTests;
			productName = GitHubUsersSearchTests;
			productReference = D809764B244FFA1900397F31 /* GitHubUsersSearchTests.xctest */;
			productType = "com.apple.product-type.bundle.unit-test";
		};
		D8097655244FFA1900397F31 /* GitHubUsersSearchUITests */ = {
			isa = PBXNativeTarget;
			buildConfigurationList = D8097665244FFA1900397F31 /* Build configuration list for PBXNativeTarget "GitHubUsersSearchUITests" */;
			buildPhases = (
				77FA2EA22487B1D060C08C5F /* [CP] Check Pods Manifest.lock */,
				D8097652244FFA1900397F31 /* Sources */,
				D8097653244FFA1900397F31 /* Frameworks */,
				D8097654244FFA1900397F31 /* Resources */,
				BEFCF9CC42C90CE22D32C4DE /* [CP] Embed Pods Frameworks */,
			);
			buildRules = (
			);
			dependencies = (
				D8097658244FFA1900397F31 /* PBXTargetDependency */,
			);
			name = GitHubUsersSearchUITests;
			productName = GitHubUsersSearchUITests;
			productReference = D8097656244FFA1900397F31 /* GitHubUsersSearchUITests.xctest */;
			productType = "com.apple.product-type.bundle.ui-testing";
		};
/* End PBXNativeTarget section */

/* Begin PBXProject section */
		D809762D244FFA1600397F31 /* Project object */ = {
			isa = PBXProject;
			attributes = {
				LastSwiftUpdateCheck = 1130;
				LastUpgradeCheck = 1130;
				ORGANIZATIONNAME = "Vinay Ponnuri";
				TargetAttributes = {
					D8097634244FFA1600397F31 = {
						CreatedOnToolsVersion = 11.3;
					};
					D809764A244FFA1900397F31 = {
						CreatedOnToolsVersion = 11.3;
						TestTargetID = D8097634244FFA1600397F31;
					};
					D8097655244FFA1900397F31 = {
						CreatedOnToolsVersion = 11.3;
						TestTargetID = D8097634244FFA1600397F31;
					};
				};
			};
			buildConfigurationList = D8097630244FFA1600397F31 /* Build configuration list for PBXProject "GitHubUsersSearch" */;
			compatibilityVersion = "Xcode 9.3";
			developmentRegion = en;
			hasScannedForEncodings = 0;
			knownRegions = (
				en,
				Base,
			);
			mainGroup = D809762C244FFA1600397F31;
			productRefGroup = D8097636244FFA1600397F31 /* Products */;
			projectDirPath = "";
			projectRoot = "";
			targets = (
				D8097634244FFA1600397F31 /* GitHubUsersSearch */,
				D809764A244FFA1900397F31 /* GitHubUsersSearchTests */,
				D8097655244FFA1900397F31 /* GitHubUsersSearchUITests */,
			);
		};
/* End PBXProject section */

/* Begin PBXResourcesBuildPhase section */
		D8097633244FFA1600397F31 /* Resources */ = {
			isa = PBXResourcesBuildPhase;
			buildActionMask = 2147483647;
			files = (
				D8097670244FFBEF00397F31 /* UsersSearchTableViewCell.xib in Resources */,
				D8097645244FFA1900397F31 /* LaunchScreen.storyboard in Resources */,
				D8097674245009CE00397F31 /* UsersSearchDetailTableViewCell.xib in Resources */,
				D8097642244FFA1900397F31 /* Assets.xcassets in Resources */,
				D8097640244FFA1600397F31 /* Main.storyboard in Resources */,
			);
			runOnlyForDeploymentPostprocessing = 0;
		};
		D8097649244FFA1900397F31 /* Resources */ = {
			isa = PBXResourcesBuildPhase;
			buildActionMask = 2147483647;
			files = (
			);
			runOnlyForDeploymentPostprocessing = 0;
		};
		D8097654244FFA1900397F31 /* Resources */ = {
			isa = PBXResourcesBuildPhase;
			buildActionMask = 2147483647;
			files = (
			);
			runOnlyForDeploymentPostprocessing = 0;
		};
/* End PBXResourcesBuildPhase section */

/* Begin PBXShellScriptBuildPhase section */
		6A3CA2C353DF4681F8638B0F /* [CP] Embed Pods Frameworks */ = {
			isa = PBXShellScriptBuildPhase;
			buildActionMask = 2147483647;
			files = (
			);
			inputFileListPaths = (
				"${PODS_ROOT}/Target Support Files/Pods-GitHubUsersSearch/Pods-GitHubUsersSearch-frameworks-${CONFIGURATION}-input-files.xcfilelist",
			);
			name = "[CP] Embed Pods Frameworks";
			outputFileListPaths = (
				"${PODS_ROOT}/Target Support Files/Pods-GitHubUsersSearch/Pods-GitHubUsersSearch-frameworks-${CONFIGURATION}-output-files.xcfilelist",
			);
			runOnlyForDeploymentPostprocessing = 0;
			shellPath = /bin/sh;
			shellScript = "\"${PODS_ROOT}/Target Support Files/Pods-GitHubUsersSearch/Pods-GitHubUsersSearch-frameworks.sh\"\n";
			showEnvVarsInLog = 0;
		};
		77FA2EA22487B1D060C08C5F /* [CP] Check Pods Manifest.lock */ = {
			isa = PBXShellScriptBuildPhase;
			buildActionMask = 2147483647;
			files = (
			);
			inputFileListPaths = (
			);
			inputPaths = (
				"${PODS_PODFILE_DIR_PATH}/Podfile.lock",
				"${PODS_ROOT}/Manifest.lock",
			);
			name = "[CP] Check Pods Manifest.lock";
			outputFileListPaths = (
			);
			outputPaths = (
				"$(DERIVED_FILE_DIR)/Pods-GitHubUsersSearch-GitHubUsersSearchUITests-checkManifestLockResult.txt",
			);
			runOnlyForDeploymentPostprocessing = 0;
			shellPath = /bin/sh;
			shellScript = "diff \"${PODS_PODFILE_DIR_PATH}/Podfile.lock\" \"${PODS_ROOT}/Manifest.lock\" > /dev/null\nif [ $? != 0 ] ; then\n    # print error to STDERR\n    echo \"error: The sandbox is not in sync with the Podfile.lock. Run 'pod install' or update your CocoaPods installation.\" >&2\n    exit 1\nfi\n# This output is used by Xcode 'outputs' to avoid re-running this script phase.\necho \"SUCCESS\" > \"${SCRIPT_OUTPUT_FILE_0}\"\n";
			showEnvVarsInLog = 0;
		};
		8B38CF6B914DD90F7D2E681A /* [CP] Check Pods Manifest.lock */ = {
			isa = PBXShellScriptBuildPhase;
			buildActionMask = 2147483647;
			files = (
			);
			inputFileListPaths = (
			);
			inputPaths = (
				"${PODS_PODFILE_DIR_PATH}/Podfile.lock",
				"${PODS_ROOT}/Manifest.lock",
			);
			name = "[CP] Check Pods Manifest.lock";
			outputFileListPaths = (
			);
			outputPaths = (
				"$(DERIVED_FILE_DIR)/Pods-GitHubUsersSearch-checkManifestLockResult.txt",
			);
			runOnlyForDeploymentPostprocessing = 0;
			shellPath = /bin/sh;
			shellScript = "diff \"${PODS_PODFILE_DIR_PATH}/Podfile.lock\" \"${PODS_ROOT}/Manifest.lock\" > /dev/null\nif [ $? != 0 ] ; then\n    # print error to STDERR\n    echo \"error: The sandbox is not in sync with the Podfile.lock. Run 'pod install' or update your CocoaPods installation.\" >&2\n    exit 1\nfi\n# This output is used by Xcode 'outputs' to avoid re-running this script phase.\necho \"SUCCESS\" > \"${SCRIPT_OUTPUT_FILE_0}\"\n";
			showEnvVarsInLog = 0;
		};
		B64D170134629C31C0FEB9E0 /* [CP] Check Pods Manifest.lock */ = {
			isa = PBXShellScriptBuildPhase;
			buildActionMask = 2147483647;
			files = (
			);
			inputFileListPaths = (
			);
			inputPaths = (
				"${PODS_PODFILE_DIR_PATH}/Podfile.lock",
				"${PODS_ROOT}/Manifest.lock",
			);
			name = "[CP] Check Pods Manifest.lock";
			outputFileListPaths = (
			);
			outputPaths = (
				"$(DERIVED_FILE_DIR)/Pods-GitHubUsersSearchTests-checkManifestLockResult.txt",
			);
			runOnlyForDeploymentPostprocessing = 0;
			shellPath = /bin/sh;
			shellScript = "diff \"${PODS_PODFILE_DIR_PATH}/Podfile.lock\" \"${PODS_ROOT}/Manifest.lock\" > /dev/null\nif [ $? != 0 ] ; then\n    # print error to STDERR\n    echo \"error: The sandbox is not in sync with the Podfile.lock. Run 'pod install' or update your CocoaPods installation.\" >&2\n    exit 1\nfi\n# This output is used by Xcode 'outputs' to avoid re-running this script phase.\necho \"SUCCESS\" > \"${SCRIPT_OUTPUT_FILE_0}\"\n";
			showEnvVarsInLog = 0;
		};
		BEFCF9CC42C90CE22D32C4DE /* [CP] Embed Pods Frameworks */ = {
			isa = PBXShellScriptBuildPhase;
			buildActionMask = 2147483647;
			files = (
			);
			inputFileListPaths = (
				"${PODS_ROOT}/Target Support Files/Pods-GitHubUsersSearch-GitHubUsersSearchUITests/Pods-GitHubUsersSearch-GitHubUsersSearchUITests-frameworks-${CONFIGURATION}-input-files.xcfilelist",
			);
			name = "[CP] Embed Pods Frameworks";
			outputFileListPaths = (
				"${PODS_ROOT}/Target Support Files/Pods-GitHubUsersSearch-GitHubUsersSearchUITests/Pods-GitHubUsersSearch-GitHubUsersSearchUITests-frameworks-${CONFIGURATION}-output-files.xcfilelist",
			);
			runOnlyForDeploymentPostprocessing = 0;
			shellPath = /bin/sh;
			shellScript = "\"${PODS_ROOT}/Target Support Files/Pods-GitHubUsersSearch-GitHubUsersSearchUITests/Pods-GitHubUsersSearch-GitHubUsersSearchUITests-frameworks.sh\"\n";
			showEnvVarsInLog = 0;
		};
/* End PBXShellScriptBuildPhase section */

/* Begin PBXSourcesBuildPhase section */
		D8097631244FFA1600397F31 /* Sources */ = {
			isa = PBXSourcesBuildPhase;
			buildActionMask = 2147483647;
			files = (
				D80976862451192C00397F31 /* UsersRepoData.swift in Sources */,
				D8097677245010E000397F31 /* SecondViewController.swift in Sources */,
				D809766F244FFBEF00397F31 /* UsersSearchTableViewCell.swift in Sources */,
				D80976882451512D00397F31 /* UserInfoData.swift in Sources */,
				D809767C2450237400397F31 /* NetworkRequest.swift in Sources */,
				D809763D244FFA1600397F31 /* ViewController.swift in Sources */,
				D8097673245009CE00397F31 /* UsersSearchDetailTableViewCell.swift in Sources */,
				D80976842450E43400397F31 /* AsyncImageView.swift in Sources */,
				D809768A2451F98400397F31 /* SearchUsersData.swift in Sources */,
				D8097639244FFA1600397F31 /* AppDelegate.swift in Sources */,
				D809763B244FFA1600397F31 /* SceneDelegate.swift in Sources */,
				D809767A245012FA00397F31 /* NetworkService.swift in Sources */,
				D80976822450DB7D00397F31 /* UsersData.swift in Sources */,
			);
			runOnlyForDeploymentPostprocessing = 0;
		};
		D8097647244FFA1900397F31 /* Sources */ = {
			isa = PBXSourcesBuildPhase;
			buildActionMask = 2147483647;
			files = (
				D8097650244FFA1900397F31 /* GitHubUsersSearchTests.swift in Sources */,
			);
			runOnlyForDeploymentPostprocessing = 0;
		};
		D8097652244FFA1900397F31 /* Sources */ = {
			isa = PBXSourcesBuildPhase;
			buildActionMask = 2147483647;
			files = (
				D809765B244FFA1900397F31 /* GitHubUsersSearchUITests.swift in Sources */,
			);
			runOnlyForDeploymentPostprocessing = 0;
		};
/* End PBXSourcesBuildPhase section */

/* Begin PBXTargetDependency section */
		D809764D244FFA1900397F31 /* PBXTargetDependency */ = {
			isa = PBXTargetDependency;
			target = D8097634244FFA1600397F31 /* GitHubUsersSearch */;
			targetProxy = D809764C244FFA1900397F31 /* PBXContainerItemProxy */;
		};
		D8097658244FFA1900397F31 /* PBXTargetDependency */ = {
			isa = PBXTargetDependency;
			target = D8097634244FFA1600397F31 /* GitHubUsersSearch */;
			targetProxy = D8097657244FFA1900397F31 /* PBXContainerItemProxy */;
		};
/* End PBXTargetDependency section */

/* Begin PBXVariantGroup section */
		D809763E244FFA1600397F31 /* Main.storyboard */ = {
			isa = PBXVariantGroup;
			children = (
				D809763F244FFA1600397F31 /* Base */,
			);
			name = Main.storyboard;
			sourceTree = "<group>";
		};
		D8097643244FFA1900397F31 /* LaunchScreen.storyboard */ = {
			isa = PBXVariantGroup;
			children = (
				D8097644244FFA1900397F31 /* Base */,
			);
			name = LaunchScreen.storyboard;
			sourceTree = "<group>";
		};
/* End PBXVariantGroup section */

/* Begin XCBuildConfiguration section */
		D809765D244FFA1900397F31 /* Debug */ = {
			isa = XCBuildConfiguration;
			buildSettings = {
				ALWAYS_SEARCH_USER_PATHS = NO;
				CLANG_ANALYZER_NONNULL = YES;
				CLANG_ANALYZER_NUMBER_OBJECT_CONVERSION = YES_AGGRESSIVE;
				CLANG_CXX_LANGUAGE_STANDARD = "gnu++14";
				CLANG_CXX_LIBRARY = "libc++";
				CLANG_ENABLE_MODULES = YES;
				CLANG_ENABLE_OBJC_ARC = YES;
				CLANG_ENABLE_OBJC_WEAK = YES;
				CLANG_WARN_BLOCK_CAPTURE_AUTORELEASING = YES;
				CLANG_WARN_BOOL_CONVERSION = YES;
				CLANG_WARN_COMMA = YES;
				CLANG_WARN_CONSTANT_CONVERSION = YES;
				CLANG_WARN_DEPRECATED_OBJC_IMPLEMENTATIONS = YES;
				CLANG_WARN_DIRECT_OBJC_ISA_USAGE = YES_ERROR;
				CLANG_WARN_DOCUMENTATION_COMMENTS = YES;
				CLANG_WARN_EMPTY_BODY = YES;
				CLANG_WARN_ENUM_CONVERSION = YES;
				CLANG_WARN_INFINITE_RECURSION = YES;
				CLANG_WARN_INT_CONVERSION = YES;
				CLANG_WARN_NON_LITERAL_NULL_CONVERSION = YES;
				CLANG_WARN_OBJC_IMPLICIT_RETAIN_SELF = YES;
				CLANG_WARN_OBJC_LITERAL_CONVERSION = YES;
				CLANG_WARN_OBJC_ROOT_CLASS = YES_ERROR;
				CLANG_WARN_RANGE_LOOP_ANALYSIS = YES;
				CLANG_WARN_STRICT_PROTOTYPES = YES;
				CLANG_WARN_SUSPICIOUS_MOVE = YES;
				CLANG_WARN_UNGUARDED_AVAILABILITY = YES_AGGRESSIVE;
				CLANG_WARN_UNREACHABLE_CODE = YES;
				CLANG_WARN__DUPLICATE_METHOD_MATCH = YES;
				COPY_PHASE_STRIP = NO;
				DEBUG_INFORMATION_FORMAT = dwarf;
				ENABLE_STRICT_OBJC_MSGSEND = YES;
				ENABLE_TESTABILITY = YES;
				GCC_C_LANGUAGE_STANDARD = gnu11;
				GCC_DYNAMIC_NO_PIC = NO;
				GCC_NO_COMMON_BLOCKS = YES;
				GCC_OPTIMIZATION_LEVEL = 0;
				GCC_PREPROCESSOR_DEFINITIONS = (
					"DEBUG=1",
					"$(inherited)",
				);
				GCC_WARN_64_TO_32_BIT_CONVERSION = YES;
				GCC_WARN_ABOUT_RETURN_TYPE = YES_ERROR;
				GCC_WARN_UNDECLARED_SELECTOR = YES;
				GCC_WARN_UNINITIALIZED_AUTOS = YES_AGGRESSIVE;
				GCC_WARN_UNUSED_FUNCTION = YES;
				GCC_WARN_UNUSED_VARIABLE = YES;
				IPHONEOS_DEPLOYMENT_TARGET = 13.2;
				MTL_ENABLE_DEBUG_INFO = INCLUDE_SOURCE;
				MTL_FAST_MATH = YES;
				ONLY_ACTIVE_ARCH = YES;
				SDKROOT = iphoneos;
				SWIFT_ACTIVE_COMPILATION_CONDITIONS = DEBUG;
				SWIFT_OPTIMIZATION_LEVEL = "-Onone";
			};
			name = Debug;
		};
		D809765E244FFA1900397F31 /* Release */ = {
			isa = XCBuildConfiguration;
			buildSettings = {
				ALWAYS_SEARCH_USER_PATHS = NO;
				CLANG_ANALYZER_NONNULL = YES;
				CLANG_ANALYZER_NUMBER_OBJECT_CONVERSION = YES_AGGRESSIVE;
				CLANG_CXX_LANGUAGE_STANDARD = "gnu++14";
				CLANG_CXX_LIBRARY = "libc++";
				CLANG_ENABLE_MODULES = YES;
				CLANG_ENABLE_OBJC_ARC = YES;
				CLANG_ENABLE_OBJC_WEAK = YES;
				CLANG_WARN_BLOCK_CAPTURE_AUTORELEASING = YES;
				CLANG_WARN_BOOL_CONVERSION = YES;
				CLANG_WARN_COMMA = YES;
				CLANG_WARN_CONSTANT_CONVERSION = YES;
				CLANG_WARN_DEPRECATED_OBJC_IMPLEMENTATIONS = YES;
				CLANG_WARN_DIRECT_OBJC_ISA_USAGE = YES_ERROR;
				CLANG_WARN_DOCUMENTATION_COMMENTS = YES;
				CLANG_WARN_EMPTY_BODY = YES;
				CLANG_WARN_ENUM_CONVERSION = YES;
				CLANG_WARN_INFINITE_RECURSION = YES;
				CLANG_WARN_INT_CONVERSION = YES;
				CLANG_WARN_NON_LITERAL_NULL_CONVERSION = YES;
				CLANG_WARN_OBJC_IMPLICIT_RETAIN_SELF = YES;
				CLANG_WARN_OBJC_LITERAL_CONVERSION = YES;
				CLANG_WARN_OBJC_ROOT_CLASS = YES_ERROR;
				CLANG_WARN_RANGE_LOOP_ANALYSIS = YES;
				CLANG_WARN_STRICT_PROTOTYPES = YES;
				CLANG_WARN_SUSPICIOUS_MOVE = YES;
				CLANG_WARN_UNGUARDED_AVAILABILITY = YES_AGGRESSIVE;
				CLANG_WARN_UNREACHABLE_CODE = YES;
				CLANG_WARN__DUPLICATE_METHOD_MATCH = YES;
				COPY_PHASE_STRIP = NO;
				DEBUG_INFORMATION_FORMAT = "dwarf-with-dsym";
				ENABLE_NS_ASSERTIONS = NO;
				ENABLE_STRICT_OBJC_MSGSEND = YES;
				GCC_C_LANGUAGE_STANDARD = gnu11;
				GCC_NO_COMMON_BLOCKS = YES;
				GCC_WARN_64_TO_32_BIT_CONVERSION = YES;
				GCC_WARN_ABOUT_RETURN_TYPE = YES_ERROR;
				GCC_WARN_UNDECLARED_SELECTOR = YES;
				GCC_WARN_UNINITIALIZED_AUTOS = YES_AGGRESSIVE;
				GCC_WARN_UNUSED_FUNCTION = YES;
				GCC_WARN_UNUSED_VARIABLE = YES;
				IPHONEOS_DEPLOYMENT_TARGET = 13.2;
				MTL_ENABLE_DEBUG_INFO = NO;
				MTL_FAST_MATH = YES;
				SDKROOT = iphoneos;
				SWIFT_COMPILATION_MODE = wholemodule;
				SWIFT_OPTIMIZATION_LEVEL = "-O";
				VALIDATE_PRODUCT = YES;
			};
			name = Release;
		};
		D8097660244FFA1900397F31 /* Debug */ = {
			isa = XCBuildConfiguration;
			baseConfigurationReference = 253E20429EC1CC924B83E487 /* Pods-GitHubUsersSearch.debug.xcconfig */;
			buildSettings = {
				ASSETCATALOG_COMPILER_APPICON_NAME = AppIcon;
				CODE_SIGN_STYLE = Automatic;
				DEVELOPMENT_TEAM = 5JY47Z3VX7;
				INFOPLIST_FILE = GitHubUsersSearch/Info.plist;
				LD_RUNPATH_SEARCH_PATHS = (
					"$(inherited)",
					"@executable_path/Frameworks",
				);
				PRODUCT_BUNDLE_IDENTIFIER = com.vinay.GitHubUsersSearch;
				PRODUCT_NAME = "$(TARGET_NAME)";
				SWIFT_VERSION = 5.0;
				TARGETED_DEVICE_FAMILY = "1,2";
			};
			name = Debug;
		};
		D8097661244FFA1900397F31 /* Release */ = {
			isa = XCBuildConfiguration;
			baseConfigurationReference = 469FE37EC4DC1B3904118C1A /* Pods-GitHubUsersSearch.release.xcconfig */;
			buildSettings = {
				ASSETCATALOG_COMPILER_APPICON_NAME = AppIcon;
				CODE_SIGN_STYLE = Automatic;
				DEVELOPMENT_TEAM = 5JY47Z3VX7;
				INFOPLIST_FILE = GitHubUsersSearch/Info.plist;
				LD_RUNPATH_SEARCH_PATHS = (
					"$(inherited)",
					"@executable_path/Frameworks",
				);
				PRODUCT_BUNDLE_IDENTIFIER = com.vinay.GitHubUsersSearch;
				PRODUCT_NAME = "$(TARGET_NAME)";
				SWIFT_VERSION = 5.0;
				TARGETED_DEVICE_FAMILY = "1,2";
			};
			name = Release;
		};
		D8097663244FFA1900397F31 /* Debug */ = {
			isa = XCBuildConfiguration;
			baseConfigurationReference = 33177C21D39114D18FD37502 /* Pods-GitHubUsersSearchTests.debug.xcconfig */;
			buildSettings = {
				ALWAYS_EMBED_SWIFT_STANDARD_LIBRARIES = YES;
				BUNDLE_LOADER = "$(TEST_HOST)";
				CODE_SIGN_STYLE = Automatic;
				INFOPLIST_FILE = GitHubUsersSearchTests/Info.plist;
				IPHONEOS_DEPLOYMENT_TARGET = 13.2;
				LD_RUNPATH_SEARCH_PATHS = (
					"$(inherited)",
					"@executable_path/Frameworks",
					"@loader_path/Frameworks",
				);
				PRODUCT_BUNDLE_IDENTIFIER = com.vinay.GitHubUsersSearchTests;
				PRODUCT_NAME = "$(TARGET_NAME)";
				SWIFT_VERSION = 5.0;
				TARGETED_DEVICE_FAMILY = "1,2";
				TEST_HOST = "$(BUILT_PRODUCTS_DIR)/GitHubUsersSearch.app/GitHubUsersSearch";
			};
			name = Debug;
		};
		D8097664244FFA1900397F31 /* Release */ = {
			isa = XCBuildConfiguration;
			baseConfigurationReference = 6F08E752FCEA1DF47E3FFA5E /* Pods-GitHubUsersSearchTests.release.xcconfig */;
			buildSettings = {
				ALWAYS_EMBED_SWIFT_STANDARD_LIBRARIES = YES;
				BUNDLE_LOADER = "$(TEST_HOST)";
				CODE_SIGN_STYLE = Automatic;
				INFOPLIST_FILE = GitHubUsersSearchTests/Info.plist;
				IPHONEOS_DEPLOYMENT_TARGET = 13.2;
				LD_RUNPATH_SEARCH_PATHS = (
					"$(inherited)",
					"@executable_path/Frameworks",
					"@loader_path/Frameworks",
				);
				PRODUCT_BUNDLE_IDENTIFIER = com.vinay.GitHubUsersSearchTests;
				PRODUCT_NAME = "$(TARGET_NAME)";
				SWIFT_VERSION = 5.0;
				TARGETED_DEVICE_FAMILY = "1,2";
				TEST_HOST = "$(BUILT_PRODUCTS_DIR)/GitHubUsersSearch.app/GitHubUsersSearch";
			};
			name = Release;
		};
		D8097666244FFA1900397F31 /* Debug */ = {
			isa = XCBuildConfiguration;
			baseConfigurationReference = D6A41E69A65D98E7FD56FF8A /* Pods-GitHubUsersSearch-GitHubUsersSearchUITests.debug.xcconfig */;
			buildSettings = {
				ALWAYS_EMBED_SWIFT_STANDARD_LIBRARIES = YES;
				CODE_SIGN_STYLE = Automatic;
				INFOPLIST_FILE = GitHubUsersSearchUITests/Info.plist;
				LD_RUNPATH_SEARCH_PATHS = (
					"$(inherited)",
					"@executable_path/Frameworks",
					"@loader_path/Frameworks",
				);
				PRODUCT_BUNDLE_IDENTIFIER = com.vinay.GitHubUsersSearchUITests;
				PRODUCT_NAME = "$(TARGET_NAME)";
				SWIFT_VERSION = 5.0;
				TARGETED_DEVICE_FAMILY = "1,2";
				TEST_TARGET_NAME = GitHubUsersSearch;
			};
			name = Debug;
		};
		D8097667244FFA1900397F31 /* Release */ = {
			isa = XCBuildConfiguration;
			baseConfigurationReference = 9B1B8ABA8A3F072961E0E06F /* Pods-GitHubUsersSearch-GitHubUsersSearchUITests.release.xcconfig */;
			buildSettings = {
				ALWAYS_EMBED_SWIFT_STANDARD_LIBRARIES = YES;
				CODE_SIGN_STYLE = Automatic;
				INFOPLIST_FILE = GitHubUsersSearchUITests/Info.plist;
				LD_RUNPATH_SEARCH_PATHS = (
					"$(inherited)",
					"@executable_path/Frameworks",
					"@loader_path/Frameworks",
				);
				PRODUCT_BUNDLE_IDENTIFIER = com.vinay.GitHubUsersSearchUITests;
				PRODUCT_NAME = "$(TARGET_NAME)";
				SWIFT_VERSION = 5.0;
				TARGETED_DEVICE_FAMILY = "1,2";
				TEST_TARGET_NAME = GitHubUsersSearch;
			};
			name = Release;
		};
/* End XCBuildConfiguration section */

/* Begin XCConfigurationList section */
		D8097630244FFA1600397F31 /* Build configuration list for PBXProject "GitHubUsersSearch" */ = {
			isa = XCConfigurationList;
			buildConfigurations = (
				D809765D244FFA1900397F31 /* Debug */,
				D809765E244FFA1900397F31 /* Release */,
			);
			defaultConfigurationIsVisible = 0;
			defaultConfigurationName = Release;
		};
		D809765F244FFA1900397F31 /* Build configuration list for PBXNativeTarget "GitHubUsersSearch" */ = {
			isa = XCConfigurationList;
			buildConfigurations = (
				D8097660244FFA1900397F31 /* Debug */,
				D8097661244FFA1900397F31 /* Release */,
			);
			defaultConfigurationIsVisible = 0;
			defaultConfigurationName = Release;
		};
		D8097662244FFA1900397F31 /* Build configuration list for PBXNativeTarget "GitHubUsersSearchTests" */ = {
			isa = XCConfigurationList;
			buildConfigurations = (
				D8097663244FFA1900397F31 /* Debug */,
				D8097664244FFA1900397F31 /* Release */,
			);
			defaultConfigurationIsVisible = 0;
			defaultConfigurationName = Release;
		};
		D8097665244FFA1900397F31 /* Build configuration list for PBXNativeTarget "GitHubUsersSearchUITests" */ = {
			isa = XCConfigurationList;
			buildConfigurations = (
				D8097666244FFA1900397F31 /* Debug */,
				D8097667244FFA1900397F31 /* Release */,
			);
			defaultConfigurationIsVisible = 0;
			defaultConfigurationName = Release;
		};
/* End XCConfigurationList section */
	};
	rootObject = D809762D244FFA1600397F31 /* Project object */;
}
